// !$*UTF8*$!
{
	archiveVersion = 1;
	classes = {
	};
	objectVersion = 55;
	objects = {

/* Begin PBXBuildFile section */
		F0172730275EDE6200FAEB12 /* AuthenticationModel.swift in Sources */ = {isa = PBXBuildFile; fileRef = F017272F275EDE6200FAEB12 /* AuthenticationModel.swift */; };
		F0172735275F3AB100FAEB12 /* DatabaseService.swift in Sources */ = {isa = PBXBuildFile; fileRef = F0172734275F3AB100FAEB12 /* DatabaseService.swift */; };
		F0172737275F687A00FAEB12 /* UserService.swift in Sources */ = {isa = PBXBuildFile; fileRef = F0172736275F687A00FAEB12 /* UserService.swift */; };
		F0964268275B3A8900F1CEC1 /* HealthKit.framework in Frameworks */ = {isa = PBXBuildFile; fileRef = F0964267275B3A8900F1CEC1 /* HealthKit.framework */; };
		F096426A275B510300F1CEC1 /* Health.swift in Sources */ = {isa = PBXBuildFile; fileRef = F0964269275B510300F1CEC1 /* Health.swift */; };
		F096426C275B513100F1CEC1 /* User.swift in Sources */ = {isa = PBXBuildFile; fileRef = F096426B275B513100F1CEC1 /* User.swift */; };
		F0964270275B52AC00F1CEC1 /* HealthModel.swift in Sources */ = {isa = PBXBuildFile; fileRef = F096426F275B52AC00F1CEC1 /* HealthModel.swift */; };
		F0ADEA11275CB00D0039B134 /* Constants.swift in Sources */ = {isa = PBXBuildFile; fileRef = F0964272275C25C800F1CEC1 /* Constants.swift */; };
		F0ADEA1B275CDED20039B134 /* GoogleService-Info.plist in Resources */ = {isa = PBXBuildFile; fileRef = F0ADEA1A275CDED20039B134 /* GoogleService-Info.plist */; };
		F0ADEA1F275CE40E0039B134 /* FirebaseFirestore in Frameworks */ = {isa = PBXBuildFile; productRef = F0ADEA1E275CE40E0039B134 /* FirebaseFirestore */; };
		F0ADEA23275ECCA80039B134 /* FirebaseAuth in Frameworks */ = {isa = PBXBuildFile; productRef = F0ADEA22275ECCA80039B134 /* FirebaseAuth */; };
		F0ADEA2B275ED13D0039B134 /* LoginView.swift in Sources */ = {isa = PBXBuildFile; fileRef = F0ADEA2A275ED13D0039B134 /* LoginView.swift */; };
		F0ADEA2D275ED1740039B134 /* LaunchView.swift in Sources */ = {isa = PBXBuildFile; fileRef = F0ADEA2C275ED1740039B134 /* LaunchView.swift */; };
		F0B32CA0275AF77700C714A2 /* CommunityGardenIosApp.swift in Sources */ = {isa = PBXBuildFile; fileRef = F0B32C9F275AF77700C714A2 /* CommunityGardenIosApp.swift */; };
		F0B32CA2275AF77700C714A2 /* HomeView.swift in Sources */ = {isa = PBXBuildFile; fileRef = F0B32CA1275AF77700C714A2 /* HomeView.swift */; };
		F0B32CA4275AF77900C714A2 /* Assets.xcassets in Resources */ = {isa = PBXBuildFile; fileRef = F0B32CA3275AF77900C714A2 /* Assets.xcassets */; };
		F0B32CA7275AF77900C714A2 /* Preview Assets.xcassets in Resources */ = {isa = PBXBuildFile; fileRef = F0B32CA6275AF77900C714A2 /* Preview Assets.xcassets */; };
		F0B32CB4275B222500C714A2 /* HealthStoreService.swift in Sources */ = {isa = PBXBuildFile; fileRef = F0B32CB3275B222500C714A2 /* HealthStoreService.swift */; };
		F20EF335F01832F6D94EDD8D /* Pods_community_garden_ios.framework in Frameworks */ = {isa = PBXBuildFile; fileRef = 47DCC899C5920C5161E45C76 /* Pods_community_garden_ios.framework */; };
/* End PBXBuildFile section */

/* Begin PBXFileReference section */
		47DCC899C5920C5161E45C76 /* Pods_community_garden_ios.framework */ = {isa = PBXFileReference; explicitFileType = wrapper.framework; includeInIndex = 0; path = Pods_community_garden_ios.framework; sourceTree = BUILT_PRODUCTS_DIR; };
		7E97010C2190A08C6A6A2D8F /* Pods-community-garden-ios.release.xcconfig */ = {isa = PBXFileReference; includeInIndex = 1; lastKnownFileType = text.xcconfig; name = "Pods-community-garden-ios.release.xcconfig"; path = "Target Support Files/Pods-community-garden-ios/Pods-community-garden-ios.release.xcconfig"; sourceTree = "<group>"; };
		E4541A2722F59D2EF7741719 /* Pods-community-garden-ios.debug.xcconfig */ = {isa = PBXFileReference; includeInIndex = 1; lastKnownFileType = text.xcconfig; name = "Pods-community-garden-ios.debug.xcconfig"; path = "Target Support Files/Pods-community-garden-ios/Pods-community-garden-ios.debug.xcconfig"; sourceTree = "<group>"; };
		F017272F275EDE6200FAEB12 /* AuthenticationModel.swift */ = {isa = PBXFileReference; lastKnownFileType = sourcecode.swift; path = AuthenticationModel.swift; sourceTree = "<group>"; };
		F0172731275F168D00FAEB12 /* Info.plist */ = {isa = PBXFileReference; lastKnownFileType = text.plist.xml; path = Info.plist; sourceTree = "<group>"; };
		F0172734275F3AB100FAEB12 /* DatabaseService.swift */ = {isa = PBXFileReference; lastKnownFileType = sourcecode.swift; path = DatabaseService.swift; sourceTree = "<group>"; };
		F0172736275F687A00FAEB12 /* UserService.swift */ = {isa = PBXFileReference; lastKnownFileType = sourcecode.swift; path = UserService.swift; sourceTree = "<group>"; };
		F0964265275B3A8900F1CEC1 /* community-garden-ios.entitlements */ = {isa = PBXFileReference; lastKnownFileType = text.plist.entitlements; path = "community-garden-ios.entitlements"; sourceTree = "<group>"; };
		F0964267275B3A8900F1CEC1 /* HealthKit.framework */ = {isa = PBXFileReference; lastKnownFileType = wrapper.framework; name = HealthKit.framework; path = System/Library/Frameworks/HealthKit.framework; sourceTree = SDKROOT; };
		F0964269275B510300F1CEC1 /* Health.swift */ = {isa = PBXFileReference; lastKnownFileType = sourcecode.swift; path = Health.swift; sourceTree = "<group>"; };
		F096426B275B513100F1CEC1 /* User.swift */ = {isa = PBXFileReference; lastKnownFileType = sourcecode.swift; path = User.swift; sourceTree = "<group>"; };
		F096426F275B52AC00F1CEC1 /* HealthModel.swift */ = {isa = PBXFileReference; lastKnownFileType = sourcecode.swift; path = HealthModel.swift; sourceTree = "<group>"; };
		F0964272275C25C800F1CEC1 /* Constants.swift */ = {isa = PBXFileReference; lastKnownFileType = sourcecode.swift; path = Constants.swift; sourceTree = "<group>"; };
		F0ADEA18275CB2BB0039B134 /* HealthKit.framework */ = {isa = PBXFileReference; lastKnownFileType = wrapper.framework; name = HealthKit.framework; path = Platforms/WatchOS.platform/Developer/SDKs/WatchOS8.0.sdk/System/Library/Frameworks/HealthKit.framework; sourceTree = DEVELOPER_DIR; };
		F0ADEA1A275CDED20039B134 /* GoogleService-Info.plist */ = {isa = PBXFileReference; fileEncoding = 4; lastKnownFileType = text.plist.xml; name = "GoogleService-Info.plist"; path = "../../../../Downloads/GoogleService-Info.plist"; sourceTree = "<group>"; };
		F0ADEA2A275ED13D0039B134 /* LoginView.swift */ = {isa = PBXFileReference; lastKnownFileType = sourcecode.swift; path = LoginView.swift; sourceTree = "<group>"; };
		F0ADEA2C275ED1740039B134 /* LaunchView.swift */ = {isa = PBXFileReference; lastKnownFileType = sourcecode.swift; path = LaunchView.swift; sourceTree = "<group>"; };
		F0B32C9C275AF77700C714A2 /* community-garden-ios.app */ = {isa = PBXFileReference; explicitFileType = wrapper.application; includeInIndex = 0; path = "community-garden-ios.app"; sourceTree = BUILT_PRODUCTS_DIR; };
		F0B32C9F275AF77700C714A2 /* CommunityGardenIosApp.swift */ = {isa = PBXFileReference; lastKnownFileType = sourcecode.swift; path = CommunityGardenIosApp.swift; sourceTree = "<group>"; };
		F0B32CA1275AF77700C714A2 /* HomeView.swift */ = {isa = PBXFileReference; lastKnownFileType = sourcecode.swift; path = HomeView.swift; sourceTree = "<group>"; };
		F0B32CA3275AF77900C714A2 /* Assets.xcassets */ = {isa = PBXFileReference; lastKnownFileType = folder.assetcatalog; path = Assets.xcassets; sourceTree = "<group>"; };
		F0B32CA6275AF77900C714A2 /* Preview Assets.xcassets */ = {isa = PBXFileReference; lastKnownFileType = folder.assetcatalog; path = "Preview Assets.xcassets"; sourceTree = "<group>"; };
		F0B32CB3275B222500C714A2 /* HealthStoreService.swift */ = {isa = PBXFileReference; lastKnownFileType = sourcecode.swift; path = HealthStoreService.swift; sourceTree = "<group>"; };
/* End PBXFileReference section */

/* Begin PBXFrameworksBuildPhase section */
		F0B32C99275AF77700C714A2 /* Frameworks */ = {
			isa = PBXFrameworksBuildPhase;
			buildActionMask = 2147483647;
			files = (
				F0964268275B3A8900F1CEC1 /* HealthKit.framework in Frameworks */,
				F20EF335F01832F6D94EDD8D /* Pods_community_garden_ios.framework in Frameworks */,
				F0ADEA1F275CE40E0039B134 /* FirebaseFirestore in Frameworks */,
				F0ADEA23275ECCA80039B134 /* FirebaseAuth in Frameworks */,
			);
			runOnlyForDeploymentPostprocessing = 0;
		};
/* End PBXFrameworksBuildPhase section */

/* Begin PBXGroup section */
		C18ED0BE3AAC051BD9EE1AA1 /* Pods */ = {
			isa = PBXGroup;
			children = (
				E4541A2722F59D2EF7741719 /* Pods-community-garden-ios.debug.xcconfig */,
				7E97010C2190A08C6A6A2D8F /* Pods-community-garden-ios.release.xcconfig */,
			);
			path = Pods;
			sourceTree = "<group>";
		};
		F0964266275B3A8900F1CEC1 /* Frameworks */ = {
			isa = PBXGroup;
			children = (
				F0ADEA18275CB2BB0039B134 /* HealthKit.framework */,
				F0964267275B3A8900F1CEC1 /* HealthKit.framework */,
				47DCC899C5920C5161E45C76 /* Pods_community_garden_ios.framework */,
			);
			name = Frameworks;
			sourceTree = "<group>";
		};
		F0964271275C25AF00F1CEC1 /* Helpers */ = {
			isa = PBXGroup;
			children = (
				F0964272275C25C800F1CEC1 /* Constants.swift */,
			);
			path = Helpers;
			sourceTree = "<group>";
		};
		F0B32C93275AF77700C714A2 = {
			isa = PBXGroup;
			children = (
				F0B32C9E275AF77700C714A2 /* community-garden-ios */,
				F0B32C9D275AF77700C714A2 /* Products */,
				F0964266275B3A8900F1CEC1 /* Frameworks */,
				C18ED0BE3AAC051BD9EE1AA1 /* Pods */,
			);
			sourceTree = "<group>";
		};
		F0B32C9D275AF77700C714A2 /* Products */ = {
			isa = PBXGroup;
			children = (
				F0B32C9C275AF77700C714A2 /* community-garden-ios.app */,
			);
			name = Products;
			sourceTree = "<group>";
		};
		F0B32C9E275AF77700C714A2 /* community-garden-ios */ = {
			isa = PBXGroup;
			children = (
				F0172731275F168D00FAEB12 /* Info.plist */,
				F0B32C9F275AF77700C714A2 /* CommunityGardenIosApp.swift */,
				F0B32CB0275AFA9500C714A2 /* Views */,
				F0B32CAF275AFA8900C714A2 /* ViewModels */,
				F0B32CB1275AFA9E00C714A2 /* Models */,
				F0B32CAD275AFA7A00C714A2 /* Services */,
				F0964271275C25AF00F1CEC1 /* Helpers */,
				F0B32CA3275AF77900C714A2 /* Assets.xcassets */,
				F0964265275B3A8900F1CEC1 /* community-garden-ios.entitlements */,
				F0ADEA1A275CDED20039B134 /* GoogleService-Info.plist */,
				F0B32CA5275AF77900C714A2 /* Preview Content */,
			);
			path = "community-garden-ios";
			sourceTree = "<group>";
		};
		F0B32CA5275AF77900C714A2 /* Preview Content */ = {
			isa = PBXGroup;
			children = (
				F0B32CA6275AF77900C714A2 /* Preview Assets.xcassets */,
			);
			path = "Preview Content";
			sourceTree = "<group>";
		};
		F0B32CAD275AFA7A00C714A2 /* Services */ = {
			isa = PBXGroup;
			children = (
				F0B32CB3275B222500C714A2 /* HealthStoreService.swift */,
				F0172734275F3AB100FAEB12 /* DatabaseService.swift */,
				F0172736275F687A00FAEB12 /* UserService.swift */,
			);
			path = Services;
			sourceTree = "<group>";
		};
		F0B32CAF275AFA8900C714A2 /* ViewModels */ = {
			isa = PBXGroup;
			children = (
				F096426F275B52AC00F1CEC1 /* HealthModel.swift */,
				F017272F275EDE6200FAEB12 /* AuthenticationModel.swift */,
			);
			path = ViewModels;
			sourceTree = "<group>";
		};
		F0B32CB0275AFA9500C714A2 /* Views */ = {
			isa = PBXGroup;
			children = (
				F0ADEA2C275ED1740039B134 /* LaunchView.swift */,
				F0B32CA1275AF77700C714A2 /* HomeView.swift */,
				F0ADEA2A275ED13D0039B134 /* LoginView.swift */,
			);
			path = Views;
			sourceTree = "<group>";
		};
		F0B32CB1275AFA9E00C714A2 /* Models */ = {
			isa = PBXGroup;
			children = (
				F0964269275B510300F1CEC1 /* Health.swift */,
				F096426B275B513100F1CEC1 /* User.swift */,
			);
			path = Models;
			sourceTree = "<group>";
		};
/* End PBXGroup section */

/* Begin PBXNativeTarget section */
		F0B32C9B275AF77700C714A2 /* community-garden-ios */ = {
			isa = PBXNativeTarget;
			buildConfigurationList = F0B32CAA275AF77900C714A2 /* Build configuration list for PBXNativeTarget "community-garden-ios" */;
			buildPhases = (
				F174789EAD8EF00B3A3E21EB /* [CP] Check Pods Manifest.lock */,
				F0B32C98275AF77700C714A2 /* Sources */,
				F0B32C99275AF77700C714A2 /* Frameworks */,
				F0B32C9A275AF77700C714A2 /* Resources */,
				D1721EC04174E4FD2D855AF2 /* [CP] Embed Pods Frameworks */,
			);
			buildRules = (
			);
			dependencies = (
			);
			name = "community-garden-ios";
			packageProductDependencies = (
				F0ADEA1E275CE40E0039B134 /* FirebaseFirestore */,
				F0ADEA22275ECCA80039B134 /* FirebaseAuth */,
			);
			productName = "community-garden-ios";
			productReference = F0B32C9C275AF77700C714A2 /* community-garden-ios.app */;
			productType = "com.apple.product-type.application";
		};
/* End PBXNativeTarget section */

/* Begin PBXProject section */
		F0B32C94275AF77700C714A2 /* Project object */ = {
			isa = PBXProject;
			attributes = {
				BuildIndependentTargetsInParallel = 1;
				LastSwiftUpdateCheck = 1310;
				LastUpgradeCheck = 1310;
				TargetAttributes = {
					F0B32C9B275AF77700C714A2 = {
						CreatedOnToolsVersion = 13.1;
					};
				};
			};
			buildConfigurationList = F0B32C97275AF77700C714A2 /* Build configuration list for PBXProject "community-garden-ios" */;
			compatibilityVersion = "Xcode 13.0";
			developmentRegion = en;
			hasScannedForEncodings = 0;
			knownRegions = (
				en,
				Base,
			);
			mainGroup = F0B32C93275AF77700C714A2;
			packageReferences = (
				F0ADEA1D275CE40E0039B134 /* XCRemoteSwiftPackageReference "firebase-ios-sdk" */,
			);
			productRefGroup = F0B32C9D275AF77700C714A2 /* Products */;
			projectDirPath = "";
			projectRoot = "";
			targets = (
				F0B32C9B275AF77700C714A2 /* community-garden-ios */,
			);
		};
/* End PBXProject section */

/* Begin PBXResourcesBuildPhase section */
		F0B32C9A275AF77700C714A2 /* Resources */ = {
			isa = PBXResourcesBuildPhase;
			buildActionMask = 2147483647;
			files = (
				F0B32CA7275AF77900C714A2 /* Preview Assets.xcassets in Resources */,
				F0B32CA4275AF77900C714A2 /* Assets.xcassets in Resources */,
				F0ADEA1B275CDED20039B134 /* GoogleService-Info.plist in Resources */,
			);
			runOnlyForDeploymentPostprocessing = 0;
		};
/* End PBXResourcesBuildPhase section */

/* Begin PBXShellScriptBuildPhase section */
		D1721EC04174E4FD2D855AF2 /* [CP] Embed Pods Frameworks */ = {
			isa = PBXShellScriptBuildPhase;
			buildActionMask = 2147483647;
			files = (
			);
			inputFileListPaths = (
				"${PODS_ROOT}/Target Support Files/Pods-community-garden-ios/Pods-community-garden-ios-frameworks-${CONFIGURATION}-input-files.xcfilelist",
			);
			name = "[CP] Embed Pods Frameworks";
			outputFileListPaths = (
				"${PODS_ROOT}/Target Support Files/Pods-community-garden-ios/Pods-community-garden-ios-frameworks-${CONFIGURATION}-output-files.xcfilelist",
			);
			runOnlyForDeploymentPostprocessing = 0;
			shellPath = /bin/sh;
			shellScript = "\"${PODS_ROOT}/Target Support Files/Pods-community-garden-ios/Pods-community-garden-ios-frameworks.sh\"\n";
			showEnvVarsInLog = 0;
		};
		F174789EAD8EF00B3A3E21EB /* [CP] Check Pods Manifest.lock */ = {
			isa = PBXShellScriptBuildPhase;
			buildActionMask = 2147483647;
			files = (
			);
			inputFileListPaths = (
			);
			inputPaths = (
				"${PODS_PODFILE_DIR_PATH}/Podfile.lock",
				"${PODS_ROOT}/Manifest.lock",
			);
			name = "[CP] Check Pods Manifest.lock";
			outputFileListPaths = (
			);
			outputPaths = (
				"$(DERIVED_FILE_DIR)/Pods-community-garden-ios-checkManifestLockResult.txt",
			);
			runOnlyForDeploymentPostprocessing = 0;
			shellPath = /bin/sh;
			shellScript = "diff \"${PODS_PODFILE_DIR_PATH}/Podfile.lock\" \"${PODS_ROOT}/Manifest.lock\" > /dev/null\nif [ $? != 0 ] ; then\n    # print error to STDERR\n    echo \"error: The sandbox is not in sync with the Podfile.lock. Run 'pod install' or update your CocoaPods installation.\" >&2\n    exit 1\nfi\n# This output is used by Xcode 'outputs' to avoid re-running this script phase.\necho \"SUCCESS\" > \"${SCRIPT_OUTPUT_FILE_0}\"\n";
			showEnvVarsInLog = 0;
		};
/* End PBXShellScriptBuildPhase section */

/* Begin PBXSourcesBuildPhase section */
		F0B32C98275AF77700C714A2 /* Sources */ = {
			isa = PBXSourcesBuildPhase;
			buildActionMask = 2147483647;
			files = (
				F0B32CA2275AF77700C714A2 /* HomeView.swift in Sources */,
				F0172735275F3AB100FAEB12 /* DatabaseService.swift in Sources */,
				F0964270275B52AC00F1CEC1 /* HealthModel.swift in Sources */,
				F096426A275B510300F1CEC1 /* Health.swift in Sources */,
				F0B32CB4275B222500C714A2 /* HealthStoreService.swift in Sources */,
				F0ADEA11275CB00D0039B134 /* Constants.swift in Sources */,
				F096426C275B513100F1CEC1 /* User.swift in Sources */,
				F0ADEA2B275ED13D0039B134 /* LoginView.swift in Sources */,
				F0172737275F687A00FAEB12 /* UserService.swift in Sources */,
				F0ADEA2D275ED1740039B134 /* LaunchView.swift in Sources */,
				F0172730275EDE6200FAEB12 /* AuthenticationModel.swift in Sources */,
				F0B32CA0275AF77700C714A2 /* CommunityGardenIosApp.swift in Sources */,
			);
			runOnlyForDeploymentPostprocessing = 0;
		};
/* End PBXSourcesBuildPhase section */

/* Begin XCBuildConfiguration section */
		F0B32CA8275AF77900C714A2 /* Debug */ = {
			isa = XCBuildConfiguration;
			buildSettings = {
				ALWAYS_SEARCH_USER_PATHS = NO;
				CLANG_ANALYZER_NONNULL = YES;
				CLANG_ANALYZER_NUMBER_OBJECT_CONVERSION = YES_AGGRESSIVE;
				CLANG_CXX_LANGUAGE_STANDARD = "gnu++17";
				CLANG_CXX_LIBRARY = "libc++";
				CLANG_ENABLE_MODULES = YES;
				CLANG_ENABLE_OBJC_ARC = YES;
				CLANG_ENABLE_OBJC_WEAK = YES;
				CLANG_WARN_BLOCK_CAPTURE_AUTORELEASING = YES;
				CLANG_WARN_BOOL_CONVERSION = YES;
				CLANG_WARN_COMMA = YES;
				CLANG_WARN_CONSTANT_CONVERSION = YES;
				CLANG_WARN_DEPRECATED_OBJC_IMPLEMENTATIONS = YES;
				CLANG_WARN_DIRECT_OBJC_ISA_USAGE = YES_ERROR;
				CLANG_WARN_DOCUMENTATION_COMMENTS = YES;
				CLANG_WARN_EMPTY_BODY = YES;
				CLANG_WARN_ENUM_CONVERSION = YES;
				CLANG_WARN_INFINITE_RECURSION = YES;
				CLANG_WARN_INT_CONVERSION = YES;
				CLANG_WARN_NON_LITERAL_NULL_CONVERSION = YES;
				CLANG_WARN_OBJC_IMPLICIT_RETAIN_SELF = YES;
				CLANG_WARN_OBJC_LITERAL_CONVERSION = YES;
				CLANG_WARN_OBJC_ROOT_CLASS = YES_ERROR;
				CLANG_WARN_QUOTED_INCLUDE_IN_FRAMEWORK_HEADER = YES;
				CLANG_WARN_RANGE_LOOP_ANALYSIS = YES;
				CLANG_WARN_STRICT_PROTOTYPES = YES;
				CLANG_WARN_SUSPICIOUS_MOVE = YES;
				CLANG_WARN_UNGUARDED_AVAILABILITY = YES_AGGRESSIVE;
				CLANG_WARN_UNREACHABLE_CODE = YES;
				CLANG_WARN__DUPLICATE_METHOD_MATCH = YES;
				COPY_PHASE_STRIP = NO;
				DEBUG_INFORMATION_FORMAT = dwarf;
				ENABLE_STRICT_OBJC_MSGSEND = YES;
				ENABLE_TESTABILITY = YES;
				GCC_C_LANGUAGE_STANDARD = gnu11;
				GCC_DYNAMIC_NO_PIC = NO;
				GCC_NO_COMMON_BLOCKS = YES;
				GCC_OPTIMIZATION_LEVEL = 0;
				GCC_PREPROCESSOR_DEFINITIONS = (
					"DEBUG=1",
					"$(inherited)",
				);
				GCC_WARN_64_TO_32_BIT_CONVERSION = YES;
				GCC_WARN_ABOUT_RETURN_TYPE = YES_ERROR;
				GCC_WARN_UNDECLARED_SELECTOR = YES;
				GCC_WARN_UNINITIALIZED_AUTOS = YES_AGGRESSIVE;
				GCC_WARN_UNUSED_FUNCTION = YES;
				GCC_WARN_UNUSED_VARIABLE = YES;
				IPHONEOS_DEPLOYMENT_TARGET = 15.0;
				MTL_ENABLE_DEBUG_INFO = INCLUDE_SOURCE;
				MTL_FAST_MATH = YES;
				ONLY_ACTIVE_ARCH = YES;
				SDKROOT = iphoneos;
				SWIFT_ACTIVE_COMPILATION_CONDITIONS = DEBUG;
				SWIFT_OPTIMIZATION_LEVEL = "-Onone";
			};
			name = Debug;
		};
		F0B32CA9275AF77900C714A2 /* Release */ = {
			isa = XCBuildConfiguration;
			buildSettings = {
				ALWAYS_SEARCH_USER_PATHS = NO;
				CLANG_ANALYZER_NONNULL = YES;
				CLANG_ANALYZER_NUMBER_OBJECT_CONVERSION = YES_AGGRESSIVE;
				CLANG_CXX_LANGUAGE_STANDARD = "gnu++17";
				CLANG_CXX_LIBRARY = "libc++";
				CLANG_ENABLE_MODULES = YES;
				CLANG_ENABLE_OBJC_ARC = YES;
				CLANG_ENABLE_OBJC_WEAK = YES;
				CLANG_WARN_BLOCK_CAPTURE_AUTORELEASING = YES;
				CLANG_WARN_BOOL_CONVERSION = YES;
				CLANG_WARN_COMMA = YES;
				CLANG_WARN_CONSTANT_CONVERSION = YES;
				CLANG_WARN_DEPRECATED_OBJC_IMPLEMENTATIONS = YES;
				CLANG_WARN_DIRECT_OBJC_ISA_USAGE = YES_ERROR;
				CLANG_WARN_DOCUMENTATION_COMMENTS = YES;
				CLANG_WARN_EMPTY_BODY = YES;
				CLANG_WARN_ENUM_CONVERSION = YES;
				CLANG_WARN_INFINITE_RECURSION = YES;
				CLANG_WARN_INT_CONVERSION = YES;
				CLANG_WARN_NON_LITERAL_NULL_CONVERSION = YES;
				CLANG_WARN_OBJC_IMPLICIT_RETAIN_SELF = YES;
				CLANG_WARN_OBJC_LITERAL_CONVERSION = YES;
				CLANG_WARN_OBJC_ROOT_CLASS = YES_ERROR;
				CLANG_WARN_QUOTED_INCLUDE_IN_FRAMEWORK_HEADER = YES;
				CLANG_WARN_RANGE_LOOP_ANALYSIS = YES;
				CLANG_WARN_STRICT_PROTOTYPES = YES;
				CLANG_WARN_SUSPICIOUS_MOVE = YES;
				CLANG_WARN_UNGUARDED_AVAILABILITY = YES_AGGRESSIVE;
				CLANG_WARN_UNREACHABLE_CODE = YES;
				CLANG_WARN__DUPLICATE_METHOD_MATCH = YES;
				COPY_PHASE_STRIP = NO;
				DEBUG_INFORMATION_FORMAT = "dwarf-with-dsym";
				ENABLE_NS_ASSERTIONS = NO;
				ENABLE_STRICT_OBJC_MSGSEND = YES;
				GCC_C_LANGUAGE_STANDARD = gnu11;
				GCC_NO_COMMON_BLOCKS = YES;
				GCC_WARN_64_TO_32_BIT_CONVERSION = YES;
				GCC_WARN_ABOUT_RETURN_TYPE = YES_ERROR;
				GCC_WARN_UNDECLARED_SELECTOR = YES;
				GCC_WARN_UNINITIALIZED_AUTOS = YES_AGGRESSIVE;
				GCC_WARN_UNUSED_FUNCTION = YES;
				GCC_WARN_UNUSED_VARIABLE = YES;
				IPHONEOS_DEPLOYMENT_TARGET = 15.0;
				MTL_ENABLE_DEBUG_INFO = NO;
				MTL_FAST_MATH = YES;
				SDKROOT = iphoneos;
				SWIFT_COMPILATION_MODE = wholemodule;
				SWIFT_OPTIMIZATION_LEVEL = "-O";
				VALIDATE_PRODUCT = YES;
			};
			name = Release;
		};
		F0B32CAB275AF77900C714A2 /* Debug */ = {
			isa = XCBuildConfiguration;
			baseConfigurationReference = E4541A2722F59D2EF7741719 /* Pods-community-garden-ios.debug.xcconfig */;
			buildSettings = {
				ASSETCATALOG_COMPILER_APPICON_NAME = AppIcon;
				ASSETCATALOG_COMPILER_GLOBAL_ACCENT_COLOR_NAME = AccentColor;
				CODE_SIGN_ENTITLEMENTS = "community-garden-ios/community-garden-ios.entitlements";
				CODE_SIGN_STYLE = Automatic;
				CURRENT_PROJECT_VERSION = 1;
				DEVELOPMENT_ASSET_PATHS = "\"community-garden-ios/Preview Content\"";
				DEVELOPMENT_TEAM = X4FT5J38AS;
				ENABLE_PREVIEWS = YES;
				GENERATE_INFOPLIST_FILE = YES;
				INFOPLIST_FILE = "community-garden-ios/Info.plist";
				INFOPLIST_KEY_NSHealthShareUsageDescription = "This application requires access to your health data.";
				INFOPLIST_KEY_NSHealthUpdateUsageDescription = "This application requires access to your health data.";
				INFOPLIST_KEY_UIApplicationSceneManifest_Generation = YES;
				INFOPLIST_KEY_UIApplicationSupportsIndirectInputEvents = YES;
				INFOPLIST_KEY_UILaunchScreen_Generation = YES;
				INFOPLIST_KEY_UISupportedInterfaceOrientations_iPad = "UIInterfaceOrientationPortrait UIInterfaceOrientationPortraitUpsideDown UIInterfaceOrientationLandscapeLeft UIInterfaceOrientationLandscapeRight";
				INFOPLIST_KEY_UISupportedInterfaceOrientations_iPhone = "UIInterfaceOrientationPortrait UIInterfaceOrientationLandscapeLeft UIInterfaceOrientationLandscapeRight";
				LD_RUNPATH_SEARCH_PATHS = (
					"$(inherited)",
					"@executable_path/Frameworks",
				);
				MARKETING_VERSION = 1.0;
				PRODUCT_BUNDLE_IDENTIFIER = "empower.lab.community-garden-ios";
				PRODUCT_NAME = "$(TARGET_NAME)";
				SWIFT_EMIT_LOC_STRINGS = YES;
				SWIFT_VERSION = 5.0;
				TARGETED_DEVICE_FAMILY = "1,2";
			};
			name = Debug;
		};
		F0B32CAC275AF77900C714A2 /* Release */ = {
			isa = XCBuildConfiguration;
			baseConfigurationReference = 7E97010C2190A08C6A6A2D8F /* Pods-community-garden-ios.release.xcconfig */;
			buildSettings = {
				ASSETCATALOG_COMPILER_APPICON_NAME = AppIcon;
				ASSETCATALOG_COMPILER_GLOBAL_ACCENT_COLOR_NAME = AccentColor;
				CODE_SIGN_ENTITLEMENTS = "community-garden-ios/community-garden-ios.entitlements";
				CODE_SIGN_STYLE = Automatic;
				CURRENT_PROJECT_VERSION = 1;
				DEVELOPMENT_ASSET_PATHS = "\"community-garden-ios/Preview Content\"";
				DEVELOPMENT_TEAM = X4FT5J38AS;
				ENABLE_PREVIEWS = YES;
				GENERATE_INFOPLIST_FILE = YES;
				INFOPLIST_FILE = "community-garden-ios/Info.plist";
				INFOPLIST_KEY_NSHealthShareUsageDescription = "This application requires access to your health data.";
				INFOPLIST_KEY_NSHealthUpdateUsageDescription = "This application requires access to your health data.";
				INFOPLIST_KEY_UIApplicationSceneManifest_Generation = YES;
				INFOPLIST_KEY_UIApplicationSupportsIndirectInputEvents = YES;
				INFOPLIST_KEY_UILaunchScreen_Generation = YES;
				INFOPLIST_KEY_UISupportedInterfaceOrientations_iPad = "UIInterfaceOrientationPortrait UIInterfaceOrientationPortraitUpsideDown UIInterfaceOrientationLandscapeLeft UIInterfaceOrientationLandscapeRight";
				INFOPLIST_KEY_UISupportedInterfaceOrientations_iPhone = "UIInterfaceOrientationPortrait UIInterfaceOrientationLandscapeLeft UIInterfaceOrientationLandscapeRight";
				LD_RUNPATH_SEARCH_PATHS = (
					"$(inherited)",
					"@executable_path/Frameworks",
				);
				MARKETING_VERSION = 1.0;
				PRODUCT_BUNDLE_IDENTIFIER = "empower.lab.community-garden-ios";
				PRODUCT_NAME = "$(TARGET_NAME)";
				SWIFT_EMIT_LOC_STRINGS = YES;
				SWIFT_VERSION = 5.0;
				TARGETED_DEVICE_FAMILY = "1,2";
			};
			name = Release;
		};
/* End XCBuildConfiguration section */

/* Begin XCConfigurationList section */
		F0B32C97275AF77700C714A2 /* Build configuration list for PBXProject "community-garden-ios" */ = {
			isa = XCConfigurationList;
			buildConfigurations = (
				F0B32CA8275AF77900C714A2 /* Debug */,
				F0B32CA9275AF77900C714A2 /* Release */,
			);
			defaultConfigurationIsVisible = 0;
			defaultConfigurationName = Release;
		};
		F0B32CAA275AF77900C714A2 /* Build configuration list for PBXNativeTarget "community-garden-ios" */ = {
			isa = XCConfigurationList;
			buildConfigurations = (
				F0B32CAB275AF77900C714A2 /* Debug */,
				F0B32CAC275AF77900C714A2 /* Release */,
			);
			defaultConfigurationIsVisible = 0;
			defaultConfigurationName = Release;
		};
/* End XCConfigurationList section */

/* Begin XCRemoteSwiftPackageReference section */
		F0ADEA1D275CE40E0039B134 /* XCRemoteSwiftPackageReference "firebase-ios-sdk" */ = {
			isa = XCRemoteSwiftPackageReference;
			repositoryURL = "https://github.com/firebase/firebase-ios-sdk";
			requirement = {
				kind = upToNextMajorVersion;
				minimumVersion = 8.0.0;
			};
		};
/* End XCRemoteSwiftPackageReference section */

/* Begin XCSwiftPackageProductDependency section */
		F0ADEA1E275CE40E0039B134 /* FirebaseFirestore */ = {
			isa = XCSwiftPackageProductDependency;
			package = F0ADEA1D275CE40E0039B134 /* XCRemoteSwiftPackageReference "firebase-ios-sdk" */;
			productName = FirebaseFirestore;
		};
		F0ADEA22275ECCA80039B134 /* FirebaseAuth */ = {
			isa = XCSwiftPackageProductDependency;
			package = F0ADEA1D275CE40E0039B134 /* XCRemoteSwiftPackageReference "firebase-ios-sdk" */;
			productName = FirebaseAuth;
		};
/* End XCSwiftPackageProductDependency section */
	};
	rootObject = F0B32C94275AF77700C714A2 /* Project object */;
}
