// !$*UTF8*$!
{
	archiveVersion = 1;
	classes = {
	};
	objectVersion = 55;
	objects = {

/* Begin PBXBuildFile section */
		F0057381276F828F00EB487B /* MyGarden.swift in Sources */ = {isa = PBXBuildFile; fileRef = F0057380276F828F00EB487B /* MyGarden.swift */; };
		F005739227702F9B00EB487B /* ActionButton.swift in Sources */ = {isa = PBXBuildFile; fileRef = F005739127702F9B00EB487B /* ActionButton.swift */; };
		F00A6F38283C4E1600A176D6 /* FriendsList.swift in Sources */ = {isa = PBXBuildFile; fileRef = F00A6F37283C4E1600A176D6 /* FriendsList.swift */; };
		F00A6F3A283C4E5300A176D6 /* FriendsViewModel.swift in Sources */ = {isa = PBXBuildFile; fileRef = F00A6F39283C4E5300A176D6 /* FriendsViewModel.swift */; };
		F00A6F3C283C6DDA00A176D6 /* GardenItem.swift in Sources */ = {isa = PBXBuildFile; fileRef = F00A6F3B283C6DDA00A176D6 /* GardenItem.swift */; };
		F00A6F3E283C957800A176D6 /* GardenViewModel.swift in Sources */ = {isa = PBXBuildFile; fileRef = F00A6F3D283C957800A176D6 /* GardenViewModel.swift */; };
		F00A6F40283C966300A176D6 /* NotificationSender.swift in Sources */ = {isa = PBXBuildFile; fileRef = F00A6F3F283C966300A176D6 /* NotificationSender.swift */; };
		F0149D54284E9E0D00782D27 /* TreePicker.swift in Sources */ = {isa = PBXBuildFile; fileRef = F0149D53284E9E0D00782D27 /* TreePicker.swift */; };
		F0149D56284EAD1400782D27 /* PickerCard.swift in Sources */ = {isa = PBXBuildFile; fileRef = F0149D55284EAD1400782D27 /* PickerCard.swift */; };
		F0149D59284ECDC900782D27 /* ButtonStyling.swift in Sources */ = {isa = PBXBuildFile; fileRef = F0149D58284ECDC900782D27 /* ButtonStyling.swift */; };
		F0149D5B284ED5ED00782D27 /* CircledTree.swift in Sources */ = {isa = PBXBuildFile; fileRef = F0149D5A284ED5ED00782D27 /* CircledTree.swift */; };
		F0149D5F284F181600782D27 /* GardenInfoCard.swift in Sources */ = {isa = PBXBuildFile; fileRef = F0149D5E284F181600782D27 /* GardenInfoCard.swift */; };
		F0149D61284F184000782D27 /* DashboardCard.swift in Sources */ = {isa = PBXBuildFile; fileRef = F0149D60284F184000782D27 /* DashboardCard.swift */; };
		F0149D63284F18B300782D27 /* IconButton.swift in Sources */ = {isa = PBXBuildFile; fileRef = F0149D62284F18B300782D27 /* IconButton.swift */; };
		F0172730275EDE6200FAEB12 /* AuthenticationViewModel.swift in Sources */ = {isa = PBXBuildFile; fileRef = F017272F275EDE6200FAEB12 /* AuthenticationViewModel.swift */; };
		F0172737275F687A00FAEB12 /* UserService.swift in Sources */ = {isa = PBXBuildFile; fileRef = F0172736275F687A00FAEB12 /* UserService.swift */; };
		F01B635B284FB339004D079A /* Helpers.swift in Sources */ = {isa = PBXBuildFile; fileRef = F01B635A284FB339004D079A /* Helpers.swift */; };
		F02682D12850F13A004747FD /* UserDefaultService.swift in Sources */ = {isa = PBXBuildFile; fileRef = F02682D02850F13A004747FD /* UserDefaultService.swift */; };
		F030B023283B2F660026F2E0 /* Dashboard.swift in Sources */ = {isa = PBXBuildFile; fileRef = F030B022283B2F660026F2E0 /* Dashboard.swift */; };
		F038369E2839497600D444E4 /* SQLiteService.swift in Sources */ = {isa = PBXBuildFile; fileRef = F038369D2839497600D444E4 /* SQLiteService.swift */; };
		F042349F278491910063DA08 /* FirebaseFirestoreSwift-Beta in Frameworks */ = {isa = PBXBuildFile; productRef = F042349E278491910063DA08 /* FirebaseFirestoreSwift-Beta */; };
		F04234A52784C6F50063DA08 /* Collections.swift in Sources */ = {isa = PBXBuildFile; fileRef = F04234A42784C6F40063DA08 /* Collections.swift */; };
		F065B17D2825C8B700F1E1ED /* MyGardenScene.swift in Sources */ = {isa = PBXBuildFile; fileRef = F065B17C2825C8B700F1E1ED /* MyGardenScene.swift */; };
		F0842B54285A3DF0002C79BD /* Picker.swift in Sources */ = {isa = PBXBuildFile; fileRef = F0842B53285A3DF0002C79BD /* Picker.swift */; };
		F0842B56285A4060002C79BD /* FlowerPicker.swift in Sources */ = {isa = PBXBuildFile; fileRef = F0842B55285A4060002C79BD /* FlowerPicker.swift */; };
		F0842B5A285A4A32002C79BD /* CircledFlower.swift in Sources */ = {isa = PBXBuildFile; fileRef = F0842B59285A4A32002C79BD /* CircledFlower.swift */; };
		F0842B5C285A4F6B002C79BD /* Environments.swift in Sources */ = {isa = PBXBuildFile; fileRef = F0842B5B285A4F6B002C79BD /* Environments.swift */; };
		F0842BAE285D34C4002C79BD /* ColorOptionsScroll.swift in Sources */ = {isa = PBXBuildFile; fileRef = F0842BAD285D34C3002C79BD /* ColorOptionsScroll.swift */; };
		F0842BB0285D4D06002C79BD /* ColorPicker.swift in Sources */ = {isa = PBXBuildFile; fileRef = F0842BAF285D4D06002C79BD /* ColorPicker.swift */; };
		F0842BB2285D5DCE002C79BD /* PickerButton.swift in Sources */ = {isa = PBXBuildFile; fileRef = F0842BB1285D5DCE002C79BD /* PickerButton.swift */; };
		F0964268275B3A8900F1CEC1 /* HealthKit.framework in Frameworks */ = {isa = PBXBuildFile; fileRef = F0964267275B3A8900F1CEC1 /* HealthKit.framework */; };
		F096426A275B510300F1CEC1 /* Health.swift in Sources */ = {isa = PBXBuildFile; fileRef = F0964269275B510300F1CEC1 /* Health.swift */; };
		F096426C275B513100F1CEC1 /* User.swift in Sources */ = {isa = PBXBuildFile; fileRef = F096426B275B513100F1CEC1 /* User.swift */; };
		F0964270275B52AC00F1CEC1 /* UserViewModel.swift in Sources */ = {isa = PBXBuildFile; fileRef = F096426F275B52AC00F1CEC1 /* UserViewModel.swift */; };
		F0ADEA11275CB00D0039B134 /* Constants.swift in Sources */ = {isa = PBXBuildFile; fileRef = F0964272275C25C800F1CEC1 /* Constants.swift */; };
		F0ADEA1B275CDED20039B134 /* GoogleService-Info.plist in Resources */ = {isa = PBXBuildFile; fileRef = F0ADEA1A275CDED20039B134 /* GoogleService-Info.plist */; };
		F0ADEA1F275CE40E0039B134 /* FirebaseFirestore in Frameworks */ = {isa = PBXBuildFile; productRef = F0ADEA1E275CE40E0039B134 /* FirebaseFirestore */; };
		F0ADEA23275ECCA80039B134 /* FirebaseAuth in Frameworks */ = {isa = PBXBuildFile; productRef = F0ADEA22275ECCA80039B134 /* FirebaseAuth */; };
		F0ADEA2B275ED13D0039B134 /* LoginView.swift in Sources */ = {isa = PBXBuildFile; fileRef = F0ADEA2A275ED13D0039B134 /* LoginView.swift */; };
		F0ADEA2D275ED1740039B134 /* LaunchView.swift in Sources */ = {isa = PBXBuildFile; fileRef = F0ADEA2C275ED1740039B134 /* LaunchView.swift */; };
		F0B32CA0275AF77700C714A2 /* CommunityGardenIosApp.swift in Sources */ = {isa = PBXBuildFile; fileRef = F0B32C9F275AF77700C714A2 /* CommunityGardenIosApp.swift */; };
		F0B32CA4275AF77900C714A2 /* Assets.xcassets in Resources */ = {isa = PBXBuildFile; fileRef = F0B32CA3275AF77900C714A2 /* Assets.xcassets */; };
		F0B32CA7275AF77900C714A2 /* Preview Assets.xcassets in Resources */ = {isa = PBXBuildFile; fileRef = F0B32CA6275AF77900C714A2 /* Preview Assets.xcassets */; };
		F0B32CB4275B222500C714A2 /* HealthStoreService.swift in Sources */ = {isa = PBXBuildFile; fileRef = F0B32CB3275B222500C714A2 /* HealthStoreService.swift */; };
		F0C99DF6283D650500D170A1 /* FriendGardenScene.swift in Sources */ = {isa = PBXBuildFile; fileRef = F0C99DF5283D650500D170A1 /* FriendGardenScene.swift */; };
		F0C99E1D2783B871004514D4 /* NotificationService.swift in Sources */ = {isa = PBXBuildFile; fileRef = F0C99E1C2783B871004514D4 /* NotificationService.swift */; };
		F0C99E22278481A6004514D4 /* UserRepository.swift in Sources */ = {isa = PBXBuildFile; fileRef = F0C99E21278481A6004514D4 /* UserRepository.swift */; };
		F0CA2CE62760A1D300F42683 /* Extensions.swift in Sources */ = {isa = PBXBuildFile; fileRef = F0CA2CE52760A1D300F42683 /* Extensions.swift */; };
		F0FCDE79282CD7EB00FDA5BA /* dropletSoundEffect.mp3 in Resources */ = {isa = PBXBuildFile; fileRef = F0FCDE78282CD7EA00FDA5BA /* dropletSoundEffect.mp3 */; };
		F20EF335F01832F6D94EDD8D /* Pods_community_garden_ios.framework in Frameworks */ = {isa = PBXBuildFile; fileRef = 47DCC899C5920C5161E45C76 /* Pods_community_garden_ios.framework */; };
/* End PBXBuildFile section */

/* Begin PBXFileReference section */
		47DCC899C5920C5161E45C76 /* Pods_community_garden_ios.framework */ = {isa = PBXFileReference; explicitFileType = wrapper.framework; includeInIndex = 0; path = Pods_community_garden_ios.framework; sourceTree = BUILT_PRODUCTS_DIR; };
		7E97010C2190A08C6A6A2D8F /* Pods-community-garden-ios.release.xcconfig */ = {isa = PBXFileReference; includeInIndex = 1; lastKnownFileType = text.xcconfig; name = "Pods-community-garden-ios.release.xcconfig"; path = "Target Support Files/Pods-community-garden-ios/Pods-community-garden-ios.release.xcconfig"; sourceTree = "<group>"; };
		E4541A2722F59D2EF7741719 /* Pods-community-garden-ios.debug.xcconfig */ = {isa = PBXFileReference; includeInIndex = 1; lastKnownFileType = text.xcconfig; name = "Pods-community-garden-ios.debug.xcconfig"; path = "Target Support Files/Pods-community-garden-ios/Pods-community-garden-ios.debug.xcconfig"; sourceTree = "<group>"; };
		F0057380276F828F00EB487B /* MyGarden.swift */ = {isa = PBXFileReference; lastKnownFileType = sourcecode.swift; path = MyGarden.swift; sourceTree = "<group>"; };
		F005739127702F9B00EB487B /* ActionButton.swift */ = {isa = PBXFileReference; lastKnownFileType = sourcecode.swift; path = ActionButton.swift; sourceTree = "<group>"; };
		F00A6F37283C4E1600A176D6 /* FriendsList.swift */ = {isa = PBXFileReference; lastKnownFileType = sourcecode.swift; path = FriendsList.swift; sourceTree = "<group>"; };
		F00A6F39283C4E5300A176D6 /* FriendsViewModel.swift */ = {isa = PBXFileReference; lastKnownFileType = sourcecode.swift; path = FriendsViewModel.swift; sourceTree = "<group>"; };
		F00A6F3B283C6DDA00A176D6 /* GardenItem.swift */ = {isa = PBXFileReference; lastKnownFileType = sourcecode.swift; path = GardenItem.swift; sourceTree = "<group>"; };
		F00A6F3D283C957800A176D6 /* GardenViewModel.swift */ = {isa = PBXFileReference; lastKnownFileType = sourcecode.swift; path = GardenViewModel.swift; sourceTree = "<group>"; };
		F00A6F3F283C966300A176D6 /* NotificationSender.swift */ = {isa = PBXFileReference; lastKnownFileType = sourcecode.swift; path = NotificationSender.swift; sourceTree = "<group>"; };
		F0149D53284E9E0D00782D27 /* TreePicker.swift */ = {isa = PBXFileReference; lastKnownFileType = sourcecode.swift; path = TreePicker.swift; sourceTree = "<group>"; };
		F0149D55284EAD1400782D27 /* PickerCard.swift */ = {isa = PBXFileReference; lastKnownFileType = sourcecode.swift; path = PickerCard.swift; sourceTree = "<group>"; };
		F0149D58284ECDC900782D27 /* ButtonStyling.swift */ = {isa = PBXFileReference; lastKnownFileType = sourcecode.swift; path = ButtonStyling.swift; sourceTree = "<group>"; };
		F0149D5A284ED5ED00782D27 /* CircledTree.swift */ = {isa = PBXFileReference; lastKnownFileType = sourcecode.swift; path = CircledTree.swift; sourceTree = "<group>"; };
		F0149D5E284F181600782D27 /* GardenInfoCard.swift */ = {isa = PBXFileReference; lastKnownFileType = sourcecode.swift; path = GardenInfoCard.swift; sourceTree = "<group>"; };
		F0149D60284F184000782D27 /* DashboardCard.swift */ = {isa = PBXFileReference; lastKnownFileType = sourcecode.swift; path = DashboardCard.swift; sourceTree = "<group>"; };
		F0149D62284F18B300782D27 /* IconButton.swift */ = {isa = PBXFileReference; lastKnownFileType = sourcecode.swift; path = IconButton.swift; sourceTree = "<group>"; };
		F017272F275EDE6200FAEB12 /* AuthenticationViewModel.swift */ = {isa = PBXFileReference; lastKnownFileType = sourcecode.swift; path = AuthenticationViewModel.swift; sourceTree = "<group>"; };
		F0172731275F168D00FAEB12 /* Info.plist */ = {isa = PBXFileReference; lastKnownFileType = text.plist.xml; path = Info.plist; sourceTree = "<group>"; };
		F0172736275F687A00FAEB12 /* UserService.swift */ = {isa = PBXFileReference; lastKnownFileType = sourcecode.swift; path = UserService.swift; sourceTree = "<group>"; };
		F01B635A284FB339004D079A /* Helpers.swift */ = {isa = PBXFileReference; lastKnownFileType = sourcecode.swift; path = Helpers.swift; sourceTree = "<group>"; };
		F02682D02850F13A004747FD /* UserDefaultService.swift */ = {isa = PBXFileReference; lastKnownFileType = sourcecode.swift; path = UserDefaultService.swift; sourceTree = "<group>"; };
		F030B022283B2F660026F2E0 /* Dashboard.swift */ = {isa = PBXFileReference; lastKnownFileType = sourcecode.swift; path = Dashboard.swift; sourceTree = "<group>"; };
		F038369D2839497600D444E4 /* SQLiteService.swift */ = {isa = PBXFileReference; lastKnownFileType = sourcecode.swift; path = SQLiteService.swift; sourceTree = "<group>"; };
		F04234A42784C6F40063DA08 /* Collections.swift */ = {isa = PBXFileReference; lastKnownFileType = sourcecode.swift; path = Collections.swift; sourceTree = "<group>"; };
		F065B17C2825C8B700F1E1ED /* MyGardenScene.swift */ = {isa = PBXFileReference; lastKnownFileType = sourcecode.swift; path = MyGardenScene.swift; sourceTree = "<group>"; };
		F0842B53285A3DF0002C79BD /* Picker.swift */ = {isa = PBXFileReference; lastKnownFileType = sourcecode.swift; path = Picker.swift; sourceTree = "<group>"; };
		F0842B55285A4060002C79BD /* FlowerPicker.swift */ = {isa = PBXFileReference; lastKnownFileType = sourcecode.swift; path = FlowerPicker.swift; sourceTree = "<group>"; };
		F0842B59285A4A32002C79BD /* CircledFlower.swift */ = {isa = PBXFileReference; lastKnownFileType = sourcecode.swift; path = CircledFlower.swift; sourceTree = "<group>"; };
		F0842B5B285A4F6B002C79BD /* Environments.swift */ = {isa = PBXFileReference; lastKnownFileType = sourcecode.swift; path = Environments.swift; sourceTree = "<group>"; };
		F0842BAD285D34C3002C79BD /* ColorOptionsScroll.swift */ = {isa = PBXFileReference; lastKnownFileType = sourcecode.swift; path = ColorOptionsScroll.swift; sourceTree = "<group>"; };
		F0842BAF285D4D06002C79BD /* ColorPicker.swift */ = {isa = PBXFileReference; lastKnownFileType = sourcecode.swift; path = ColorPicker.swift; sourceTree = "<group>"; };
		F0842BB1285D5DCE002C79BD /* PickerButton.swift */ = {isa = PBXFileReference; lastKnownFileType = sourcecode.swift; path = PickerButton.swift; sourceTree = "<group>"; };
		F0964265275B3A8900F1CEC1 /* community-garden-ios.entitlements */ = {isa = PBXFileReference; lastKnownFileType = text.plist.entitlements; path = "community-garden-ios.entitlements"; sourceTree = "<group>"; };
		F0964267275B3A8900F1CEC1 /* HealthKit.framework */ = {isa = PBXFileReference; lastKnownFileType = wrapper.framework; name = HealthKit.framework; path = System/Library/Frameworks/HealthKit.framework; sourceTree = SDKROOT; };
		F0964269275B510300F1CEC1 /* Health.swift */ = {isa = PBXFileReference; lastKnownFileType = sourcecode.swift; path = Health.swift; sourceTree = "<group>"; };
		F096426B275B513100F1CEC1 /* User.swift */ = {isa = PBXFileReference; lastKnownFileType = sourcecode.swift; path = User.swift; sourceTree = "<group>"; };
		F096426F275B52AC00F1CEC1 /* UserViewModel.swift */ = {isa = PBXFileReference; lastKnownFileType = sourcecode.swift; path = UserViewModel.swift; sourceTree = "<group>"; };
		F0964272275C25C800F1CEC1 /* Constants.swift */ = {isa = PBXFileReference; lastKnownFileType = sourcecode.swift; path = Constants.swift; sourceTree = "<group>"; };
		F0ADEA1A275CDED20039B134 /* GoogleService-Info.plist */ = {isa = PBXFileReference; fileEncoding = 4; lastKnownFileType = text.plist.xml; path = "GoogleService-Info.plist"; sourceTree = "<group>"; };
		F0ADEA2A275ED13D0039B134 /* LoginView.swift */ = {isa = PBXFileReference; lastKnownFileType = sourcecode.swift; path = LoginView.swift; sourceTree = "<group>"; };
		F0ADEA2C275ED1740039B134 /* LaunchView.swift */ = {isa = PBXFileReference; lastKnownFileType = sourcecode.swift; path = LaunchView.swift; sourceTree = "<group>"; };
		F0B32C9C275AF77700C714A2 /* community-garden-ios.app */ = {isa = PBXFileReference; explicitFileType = wrapper.application; includeInIndex = 0; path = "community-garden-ios.app"; sourceTree = BUILT_PRODUCTS_DIR; };
		F0B32C9F275AF77700C714A2 /* CommunityGardenIosApp.swift */ = {isa = PBXFileReference; lastKnownFileType = sourcecode.swift; path = CommunityGardenIosApp.swift; sourceTree = "<group>"; };
		F0B32CA3275AF77900C714A2 /* Assets.xcassets */ = {isa = PBXFileReference; lastKnownFileType = folder.assetcatalog; path = Assets.xcassets; sourceTree = "<group>"; };
		F0B32CA6275AF77900C714A2 /* Preview Assets.xcassets */ = {isa = PBXFileReference; lastKnownFileType = folder.assetcatalog; path = "Preview Assets.xcassets"; sourceTree = "<group>"; };
		F0B32CB3275B222500C714A2 /* HealthStoreService.swift */ = {isa = PBXFileReference; lastKnownFileType = sourcecode.swift; path = HealthStoreService.swift; sourceTree = "<group>"; };
		F0C99DF5283D650500D170A1 /* FriendGardenScene.swift */ = {isa = PBXFileReference; lastKnownFileType = sourcecode.swift; path = FriendGardenScene.swift; sourceTree = "<group>"; };
		F0C99E1C2783B871004514D4 /* NotificationService.swift */ = {isa = PBXFileReference; lastKnownFileType = sourcecode.swift; path = NotificationService.swift; sourceTree = "<group>"; };
		F0C99E21278481A6004514D4 /* UserRepository.swift */ = {isa = PBXFileReference; lastKnownFileType = sourcecode.swift; path = UserRepository.swift; sourceTree = "<group>"; };
		F0CA2CE52760A1D300F42683 /* Extensions.swift */ = {isa = PBXFileReference; lastKnownFileType = sourcecode.swift; path = Extensions.swift; sourceTree = "<group>"; };
		F0FCDE78282CD7EA00FDA5BA /* dropletSoundEffect.mp3 */ = {isa = PBXFileReference; lastKnownFileType = audio.mp3; path = dropletSoundEffect.mp3; sourceTree = "<group>"; };
/* End PBXFileReference section */

/* Begin PBXFrameworksBuildPhase section */
		F0B32C99275AF77700C714A2 /* Frameworks */ = {
			isa = PBXFrameworksBuildPhase;
			buildActionMask = 2147483647;
			files = (
				F0964268275B3A8900F1CEC1 /* HealthKit.framework in Frameworks */,
				F20EF335F01832F6D94EDD8D /* Pods_community_garden_ios.framework in Frameworks */,
				F042349F278491910063DA08 /* FirebaseFirestoreSwift-Beta in Frameworks */,
				F0ADEA1F275CE40E0039B134 /* FirebaseFirestore in Frameworks */,
				F0ADEA23275ECCA80039B134 /* FirebaseAuth in Frameworks */,
			);
			runOnlyForDeploymentPostprocessing = 0;
		};
/* End PBXFrameworksBuildPhase section */

/* Begin PBXGroup section */
		C18ED0BE3AAC051BD9EE1AA1 /* Pods */ = {
			isa = PBXGroup;
			children = (
				E4541A2722F59D2EF7741719 /* Pods-community-garden-ios.debug.xcconfig */,
				7E97010C2190A08C6A6A2D8F /* Pods-community-garden-ios.release.xcconfig */,
			);
			path = Pods;
			sourceTree = "<group>";
		};
		F0057387276F940C00EB487B /* Screens */ = {
			isa = PBXGroup;
			children = (
				F0149D5C284ED6A500782D27 /* Login */,
				F0149D5D284ED6B000782D27 /* Onboarding */,
				F030B021283B2F4F0026F2E0 /* Dashboard */,
				F00A6F34283C4DDB00A176D6 /* Friends */,
				F09B71E327724B260085C7AC /* Garden */,
			);
			path = Screens;
			sourceTree = "<group>";
		};
		F005738C2770293B00EB487B /* Components */ = {
			isa = PBXGroup;
			children = (
				F005739127702F9B00EB487B /* ActionButton.swift */,
				F0149D5A284ED5ED00782D27 /* CircledTree.swift */,
				F0842B59285A4A32002C79BD /* CircledFlower.swift */,
			);
			path = Components;
			sourceTree = "<group>";
		};
		F00A6F34283C4DDB00A176D6 /* Friends */ = {
			isa = PBXGroup;
			children = (
				F00A6F37283C4E1600A176D6 /* FriendsList.swift */,
			);
			path = Friends;
			sourceTree = "<group>";
		};
		F0149D57284ECDA900782D27 /* Styling */ = {
			isa = PBXGroup;
			children = (
				F0149D58284ECDC900782D27 /* ButtonStyling.swift */,
			);
			path = Styling;
			sourceTree = "<group>";
		};
		F0149D5C284ED6A500782D27 /* Login */ = {
			isa = PBXGroup;
			children = (
				F0ADEA2A275ED13D0039B134 /* LoginView.swift */,
			);
			path = Login;
			sourceTree = "<group>";
		};
		F0149D5D284ED6B000782D27 /* Onboarding */ = {
			isa = PBXGroup;
			children = (
				F0842B55285A4060002C79BD /* FlowerPicker.swift */,
				F0149D53284E9E0D00782D27 /* TreePicker.swift */,
				F0842B58285A418B002C79BD /* components */,
			);
			path = Onboarding;
			sourceTree = "<group>";
		};
		F030B021283B2F4F0026F2E0 /* Dashboard */ = {
			isa = PBXGroup;
			children = (
				F030B022283B2F660026F2E0 /* Dashboard.swift */,
				F0842B57285A4170002C79BD /* components */,
			);
			path = Dashboard;
			sourceTree = "<group>";
		};
		F065B17B2825BEDA00F1E1ED /* GameScenes */ = {
			isa = PBXGroup;
			children = (
				F065B17C2825C8B700F1E1ED /* MyGardenScene.swift */,
				F0C99DF5283D650500D170A1 /* FriendGardenScene.swift */,
			);
			path = GameScenes;
			sourceTree = "<group>";
		};
		F0842B57285A4170002C79BD /* components */ = {
			isa = PBXGroup;
			children = (
				F0149D5E284F181600782D27 /* GardenInfoCard.swift */,
				F0149D60284F184000782D27 /* DashboardCard.swift */,
				F0149D62284F18B300782D27 /* IconButton.swift */,
			);
			path = components;
			sourceTree = "<group>";
		};
		F0842B58285A418B002C79BD /* components */ = {
			isa = PBXGroup;
			children = (
				F0842BAD285D34C3002C79BD /* ColorOptionsScroll.swift */,
				F0842BAF285D4D06002C79BD /* ColorPicker.swift */,
				F0842B53285A3DF0002C79BD /* Picker.swift */,
				F0149D55284EAD1400782D27 /* PickerCard.swift */,
				F0842BB1285D5DCE002C79BD /* PickerButton.swift */,
			);
			path = components;
			sourceTree = "<group>";
		};
		F0964266275B3A8900F1CEC1 /* Frameworks */ = {
			isa = PBXGroup;
			children = (
				F0964267275B3A8900F1CEC1 /* HealthKit.framework */,
				47DCC899C5920C5161E45C76 /* Pods_community_garden_ios.framework */,
			);
			name = Frameworks;
			sourceTree = "<group>";
		};
		F0964271275C25AF00F1CEC1 /* Utils */ = {
			isa = PBXGroup;
			children = (
				F0964272275C25C800F1CEC1 /* Constants.swift */,
				F0842B5B285A4F6B002C79BD /* Environments.swift */,
				F0CA2CE52760A1D300F42683 /* Extensions.swift */,
				F01B635A284FB339004D079A /* Helpers.swift */,
				F00A6F3F283C966300A176D6 /* NotificationSender.swift */,
			);
			path = Utils;
			sourceTree = "<group>";
		};
		F09B71E327724B260085C7AC /* Garden */ = {
			isa = PBXGroup;
			children = (
				F0057380276F828F00EB487B /* MyGarden.swift */,
			);
			path = Garden;
			sourceTree = "<group>";
		};
		F0B32C93275AF77700C714A2 = {
			isa = PBXGroup;
			children = (
				F0B32C9E275AF77700C714A2 /* community-garden-ios */,
				F0FCDE7A282CD7F500FDA5BA /* Resources */,
				F0B32C9D275AF77700C714A2 /* Products */,
				F0964266275B3A8900F1CEC1 /* Frameworks */,
				C18ED0BE3AAC051BD9EE1AA1 /* Pods */,
			);
			sourceTree = "<group>";
		};
		F0B32C9D275AF77700C714A2 /* Products */ = {
			isa = PBXGroup;
			children = (
				F0B32C9C275AF77700C714A2 /* community-garden-ios.app */,
			);
			name = Products;
			sourceTree = "<group>";
		};
		F0B32C9E275AF77700C714A2 /* community-garden-ios */ = {
			isa = PBXGroup;
			children = (
				F0172731275F168D00FAEB12 /* Info.plist */,
				F0B32C9F275AF77700C714A2 /* CommunityGardenIosApp.swift */,
				F0B32CB0275AFA9500C714A2 /* Views */,
				F065B17B2825BEDA00F1E1ED /* GameScenes */,
				F0B32CAF275AFA8900C714A2 /* ViewModels */,
				F0B32CB1275AFA9E00C714A2 /* Models */,
				F0C99E202784810F004514D4 /* Repositories */,
				F0B32CAD275AFA7A00C714A2 /* Services */,
				F0964271275C25AF00F1CEC1 /* Utils */,
				F0B32CA3275AF77900C714A2 /* Assets.xcassets */,
				F0964265275B3A8900F1CEC1 /* community-garden-ios.entitlements */,
				F0ADEA1A275CDED20039B134 /* GoogleService-Info.plist */,
				F0B32CA5275AF77900C714A2 /* Preview Content */,
			);
			path = "community-garden-ios";
			sourceTree = "<group>";
		};
		F0B32CA5275AF77900C714A2 /* Preview Content */ = {
			isa = PBXGroup;
			children = (
				F0B32CA6275AF77900C714A2 /* Preview Assets.xcassets */,
			);
			path = "Preview Content";
			sourceTree = "<group>";
		};
		F0B32CAD275AFA7A00C714A2 /* Services */ = {
			isa = PBXGroup;
			children = (
				F0B32CB3275B222500C714A2 /* HealthStoreService.swift */,
				F0172736275F687A00FAEB12 /* UserService.swift */,
				F0C99E1C2783B871004514D4 /* NotificationService.swift */,
				F038369D2839497600D444E4 /* SQLiteService.swift */,
				F02682D02850F13A004747FD /* UserDefaultService.swift */,
			);
			path = Services;
			sourceTree = "<group>";
		};
		F0B32CAF275AFA8900C714A2 /* ViewModels */ = {
			isa = PBXGroup;
			children = (
				F017272F275EDE6200FAEB12 /* AuthenticationViewModel.swift */,
				F096426F275B52AC00F1CEC1 /* UserViewModel.swift */,
				F00A6F39283C4E5300A176D6 /* FriendsViewModel.swift */,
				F00A6F3D283C957800A176D6 /* GardenViewModel.swift */,
			);
			path = ViewModels;
			sourceTree = "<group>";
		};
		F0B32CB0275AFA9500C714A2 /* Views */ = {
			isa = PBXGroup;
			children = (
				F0ADEA2C275ED1740039B134 /* LaunchView.swift */,
				F0057387276F940C00EB487B /* Screens */,
				F0149D57284ECDA900782D27 /* Styling */,
				F005738C2770293B00EB487B /* Components */,
			);
			path = Views;
			sourceTree = "<group>";
		};
		F0B32CB1275AFA9E00C714A2 /* Models */ = {
			isa = PBXGroup;
			children = (
				F0964269275B510300F1CEC1 /* Health.swift */,
				F096426B275B513100F1CEC1 /* User.swift */,
				F00A6F3B283C6DDA00A176D6 /* GardenItem.swift */,
			);
			path = Models;
			sourceTree = "<group>";
		};
		F0C99E202784810F004514D4 /* Repositories */ = {
			isa = PBXGroup;
			children = (
				F04234A42784C6F40063DA08 /* Collections.swift */,
				F0C99E21278481A6004514D4 /* UserRepository.swift */,
			);
			path = Repositories;
			sourceTree = "<group>";
		};
		F0FCDE7A282CD7F500FDA5BA /* Resources */ = {
			isa = PBXGroup;
			children = (
				F0FCDE78282CD7EA00FDA5BA /* dropletSoundEffect.mp3 */,
			);
			path = Resources;
			sourceTree = "<group>";
		};
/* End PBXGroup section */

/* Begin PBXNativeTarget section */
		F0B32C9B275AF77700C714A2 /* community-garden-ios */ = {
			isa = PBXNativeTarget;
			buildConfigurationList = F0B32CAA275AF77900C714A2 /* Build configuration list for PBXNativeTarget "community-garden-ios" */;
			buildPhases = (
				F174789EAD8EF00B3A3E21EB /* [CP] Check Pods Manifest.lock */,
				F0B32C98275AF77700C714A2 /* Sources */,
				F0B32C99275AF77700C714A2 /* Frameworks */,
				F0B32C9A275AF77700C714A2 /* Resources */,
				D1721EC04174E4FD2D855AF2 /* [CP] Embed Pods Frameworks */,
			);
			buildRules = (
			);
			dependencies = (
			);
			name = "community-garden-ios";
			packageProductDependencies = (
				F0ADEA1E275CE40E0039B134 /* FirebaseFirestore */,
				F0ADEA22275ECCA80039B134 /* FirebaseAuth */,
				F042349E278491910063DA08 /* FirebaseFirestoreSwift-Beta */,
			);
			productName = "community-garden-ios";
			productReference = F0B32C9C275AF77700C714A2 /* community-garden-ios.app */;
			productType = "com.apple.product-type.application";
		};
/* End PBXNativeTarget section */

/* Begin PBXProject section */
		F0B32C94275AF77700C714A2 /* Project object */ = {
			isa = PBXProject;
			attributes = {
				BuildIndependentTargetsInParallel = 1;
				LastSwiftUpdateCheck = 1310;
				LastUpgradeCheck = 1310;
				TargetAttributes = {
					F0B32C9B275AF77700C714A2 = {
						CreatedOnToolsVersion = 13.1;
					};
				};
			};
			buildConfigurationList = F0B32C97275AF77700C714A2 /* Build configuration list for PBXProject "community-garden-ios" */;
			compatibilityVersion = "Xcode 13.0";
			developmentRegion = en;
			hasScannedForEncodings = 0;
			knownRegions = (
				en,
				Base,
			);
			mainGroup = F0B32C93275AF77700C714A2;
			packageReferences = (
				F0ADEA1D275CE40E0039B134 /* XCRemoteSwiftPackageReference "firebase-ios-sdk" */,
			);
			productRefGroup = F0B32C9D275AF77700C714A2 /* Products */;
			projectDirPath = "";
			projectRoot = "";
			targets = (
				F0B32C9B275AF77700C714A2 /* community-garden-ios */,
			);
		};
/* End PBXProject section */

/* Begin PBXResourcesBuildPhase section */
		F0B32C9A275AF77700C714A2 /* Resources */ = {
			isa = PBXResourcesBuildPhase;
			buildActionMask = 2147483647;
			files = (
				F0FCDE79282CD7EB00FDA5BA /* dropletSoundEffect.mp3 in Resources */,
				F0B32CA7275AF77900C714A2 /* Preview Assets.xcassets in Resources */,
				F0B32CA4275AF77900C714A2 /* Assets.xcassets in Resources */,
				F0ADEA1B275CDED20039B134 /* GoogleService-Info.plist in Resources */,
			);
			runOnlyForDeploymentPostprocessing = 0;
		};
/* End PBXResourcesBuildPhase section */

/* Begin PBXShellScriptBuildPhase section */
		D1721EC04174E4FD2D855AF2 /* [CP] Embed Pods Frameworks */ = {
			isa = PBXShellScriptBuildPhase;
			buildActionMask = 2147483647;
			files = (
			);
			inputFileListPaths = (
				"${PODS_ROOT}/Target Support Files/Pods-community-garden-ios/Pods-community-garden-ios-frameworks-${CONFIGURATION}-input-files.xcfilelist",
			);
			name = "[CP] Embed Pods Frameworks";
			outputFileListPaths = (
				"${PODS_ROOT}/Target Support Files/Pods-community-garden-ios/Pods-community-garden-ios-frameworks-${CONFIGURATION}-output-files.xcfilelist",
			);
			runOnlyForDeploymentPostprocessing = 0;
			shellPath = /bin/sh;
			shellScript = "\"${PODS_ROOT}/Target Support Files/Pods-community-garden-ios/Pods-community-garden-ios-frameworks.sh\"\n";
			showEnvVarsInLog = 0;
		};
		F174789EAD8EF00B3A3E21EB /* [CP] Check Pods Manifest.lock */ = {
			isa = PBXShellScriptBuildPhase;
			buildActionMask = 2147483647;
			files = (
			);
			inputFileListPaths = (
			);
			inputPaths = (
				"${PODS_PODFILE_DIR_PATH}/Podfile.lock",
				"${PODS_ROOT}/Manifest.lock",
			);
			name = "[CP] Check Pods Manifest.lock";
			outputFileListPaths = (
			);
			outputPaths = (
				"$(DERIVED_FILE_DIR)/Pods-community-garden-ios-checkManifestLockResult.txt",
			);
			runOnlyForDeploymentPostprocessing = 0;
			shellPath = /bin/sh;
			shellScript = "diff \"${PODS_PODFILE_DIR_PATH}/Podfile.lock\" \"${PODS_ROOT}/Manifest.lock\" > /dev/null\nif [ $? != 0 ] ; then\n    # print error to STDERR\n    echo \"error: The sandbox is not in sync with the Podfile.lock. Run 'pod install' or update your CocoaPods installation.\" >&2\n    exit 1\nfi\n# This output is used by Xcode 'outputs' to avoid re-running this script phase.\necho \"SUCCESS\" > \"${SCRIPT_OUTPUT_FILE_0}\"\n";
			showEnvVarsInLog = 0;
		};
/* End PBXShellScriptBuildPhase section */

/* Begin PBXSourcesBuildPhase section */
		F0B32C98275AF77700C714A2 /* Sources */ = {
			isa = PBXSourcesBuildPhase;
			buildActionMask = 2147483647;
			files = (
				F02682D12850F13A004747FD /* UserDefaultService.swift in Sources */,
				F0842BB2285D5DCE002C79BD /* PickerButton.swift in Sources */,
				F005739227702F9B00EB487B /* ActionButton.swift in Sources */,
				F00A6F3A283C4E5300A176D6 /* FriendsViewModel.swift in Sources */,
				F030B023283B2F660026F2E0 /* Dashboard.swift in Sources */,
				F0964270275B52AC00F1CEC1 /* UserViewModel.swift in Sources */,
				F01B635B284FB339004D079A /* Helpers.swift in Sources */,
				F0842B5A285A4A32002C79BD /* CircledFlower.swift in Sources */,
				F096426A275B510300F1CEC1 /* Health.swift in Sources */,
				F0149D56284EAD1400782D27 /* PickerCard.swift in Sources */,
				F0149D54284E9E0D00782D27 /* TreePicker.swift in Sources */,
				F00A6F40283C966300A176D6 /* NotificationSender.swift in Sources */,
				F04234A52784C6F50063DA08 /* Collections.swift in Sources */,
				F0B32CB4275B222500C714A2 /* HealthStoreService.swift in Sources */,
				F0842B56285A4060002C79BD /* FlowerPicker.swift in Sources */,
				F0149D5B284ED5ED00782D27 /* CircledTree.swift in Sources */,
				F0C99E22278481A6004514D4 /* UserRepository.swift in Sources */,
				F0ADEA11275CB00D0039B134 /* Constants.swift in Sources */,
				F0842BB0285D4D06002C79BD /* ColorPicker.swift in Sources */,
				F0149D59284ECDC900782D27 /* ButtonStyling.swift in Sources */,
				F096426C275B513100F1CEC1 /* User.swift in Sources */,
				F0C99E1D2783B871004514D4 /* NotificationService.swift in Sources */,
				F0149D63284F18B300782D27 /* IconButton.swift in Sources */,
				F0057381276F828F00EB487B /* MyGarden.swift in Sources */,
				F0ADEA2B275ED13D0039B134 /* LoginView.swift in Sources */,
				F0172737275F687A00FAEB12 /* UserService.swift in Sources */,
				F00A6F38283C4E1600A176D6 /* FriendsList.swift in Sources */,
				F0842B5C285A4F6B002C79BD /* Environments.swift in Sources */,
				F0842B54285A3DF0002C79BD /* Picker.swift in Sources */,
				F0ADEA2D275ED1740039B134 /* LaunchView.swift in Sources */,
				F00A6F3C283C6DDA00A176D6 /* GardenItem.swift in Sources */,
				F0C99DF6283D650500D170A1 /* FriendGardenScene.swift in Sources */,
				F038369E2839497600D444E4 /* SQLiteService.swift in Sources */,
				F0149D5F284F181600782D27 /* GardenInfoCard.swift in Sources */,
				F0CA2CE62760A1D300F42683 /* Extensions.swift in Sources */,
				F0172730275EDE6200FAEB12 /* AuthenticationViewModel.swift in Sources */,
				F00A6F3E283C957800A176D6 /* GardenViewModel.swift in Sources */,
				F0149D61284F184000782D27 /* DashboardCard.swift in Sources */,
				F0B32CA0275AF77700C714A2 /* CommunityGardenIosApp.swift in Sources */,
				F0842BAE285D34C4002C79BD /* ColorOptionsScroll.swift in Sources */,
				F065B17D2825C8B700F1E1ED /* MyGardenScene.swift in Sources */,
			);
			runOnlyForDeploymentPostprocessing = 0;
		};
/* End PBXSourcesBuildPhase section */

/* Begin XCBuildConfiguration section */
		F0B32CA8275AF77900C714A2 /* Debug */ = {
			isa = XCBuildConfiguration;
			buildSettings = {
				ALWAYS_SEARCH_USER_PATHS = NO;
				CLANG_ANALYZER_NONNULL = YES;
				CLANG_ANALYZER_NUMBER_OBJECT_CONVERSION = YES_AGGRESSIVE;
				CLANG_CXX_LANGUAGE_STANDARD = "gnu++17";
				CLANG_CXX_LIBRARY = "libc++";
				CLANG_ENABLE_MODULES = YES;
				CLANG_ENABLE_OBJC_ARC = YES;
				CLANG_ENABLE_OBJC_WEAK = YES;
				CLANG_WARN_BLOCK_CAPTURE_AUTORELEASING = YES;
				CLANG_WARN_BOOL_CONVERSION = YES;
				CLANG_WARN_COMMA = YES;
				CLANG_WARN_CONSTANT_CONVERSION = YES;
				CLANG_WARN_DEPRECATED_OBJC_IMPLEMENTATIONS = YES;
				CLANG_WARN_DIRECT_OBJC_ISA_USAGE = YES_ERROR;
				CLANG_WARN_DOCUMENTATION_COMMENTS = YES;
				CLANG_WARN_EMPTY_BODY = YES;
				CLANG_WARN_ENUM_CONVERSION = YES;
				CLANG_WARN_INFINITE_RECURSION = YES;
				CLANG_WARN_INT_CONVERSION = YES;
				CLANG_WARN_NON_LITERAL_NULL_CONVERSION = YES;
				CLANG_WARN_OBJC_IMPLICIT_RETAIN_SELF = YES;
				CLANG_WARN_OBJC_LITERAL_CONVERSION = YES;
				CLANG_WARN_OBJC_ROOT_CLASS = YES_ERROR;
				CLANG_WARN_QUOTED_INCLUDE_IN_FRAMEWORK_HEADER = YES;
				CLANG_WARN_RANGE_LOOP_ANALYSIS = YES;
				CLANG_WARN_STRICT_PROTOTYPES = YES;
				CLANG_WARN_SUSPICIOUS_MOVE = YES;
				CLANG_WARN_UNGUARDED_AVAILABILITY = YES_AGGRESSIVE;
				CLANG_WARN_UNREACHABLE_CODE = YES;
				CLANG_WARN__DUPLICATE_METHOD_MATCH = YES;
				COPY_PHASE_STRIP = NO;
				DEBUG_INFORMATION_FORMAT = dwarf;
				ENABLE_STRICT_OBJC_MSGSEND = YES;
				ENABLE_TESTABILITY = YES;
				GCC_C_LANGUAGE_STANDARD = gnu11;
				GCC_DYNAMIC_NO_PIC = NO;
				GCC_NO_COMMON_BLOCKS = YES;
				GCC_OPTIMIZATION_LEVEL = 0;
				GCC_PREPROCESSOR_DEFINITIONS = (
					"DEBUG=1",
					"$(inherited)",
				);
				GCC_WARN_64_TO_32_BIT_CONVERSION = YES;
				GCC_WARN_ABOUT_RETURN_TYPE = YES_ERROR;
				GCC_WARN_UNDECLARED_SELECTOR = YES;
				GCC_WARN_UNINITIALIZED_AUTOS = YES_AGGRESSIVE;
				GCC_WARN_UNUSED_FUNCTION = YES;
				GCC_WARN_UNUSED_VARIABLE = YES;
				IPHONEOS_DEPLOYMENT_TARGET = 15.0;
				MTL_ENABLE_DEBUG_INFO = INCLUDE_SOURCE;
				MTL_FAST_MATH = YES;
				ONLY_ACTIVE_ARCH = YES;
				SDKROOT = iphoneos;
				SWIFT_ACTIVE_COMPILATION_CONDITIONS = DEBUG;
				SWIFT_OPTIMIZATION_LEVEL = "-Onone";
			};
			name = Debug;
		};
		F0B32CA9275AF77900C714A2 /* Release */ = {
			isa = XCBuildConfiguration;
			buildSettings = {
				ALWAYS_SEARCH_USER_PATHS = NO;
				CLANG_ANALYZER_NONNULL = YES;
				CLANG_ANALYZER_NUMBER_OBJECT_CONVERSION = YES_AGGRESSIVE;
				CLANG_CXX_LANGUAGE_STANDARD = "gnu++17";
				CLANG_CXX_LIBRARY = "libc++";
				CLANG_ENABLE_MODULES = YES;
				CLANG_ENABLE_OBJC_ARC = YES;
				CLANG_ENABLE_OBJC_WEAK = YES;
				CLANG_WARN_BLOCK_CAPTURE_AUTORELEASING = YES;
				CLANG_WARN_BOOL_CONVERSION = YES;
				CLANG_WARN_COMMA = YES;
				CLANG_WARN_CONSTANT_CONVERSION = YES;
				CLANG_WARN_DEPRECATED_OBJC_IMPLEMENTATIONS = YES;
				CLANG_WARN_DIRECT_OBJC_ISA_USAGE = YES_ERROR;
				CLANG_WARN_DOCUMENTATION_COMMENTS = YES;
				CLANG_WARN_EMPTY_BODY = YES;
				CLANG_WARN_ENUM_CONVERSION = YES;
				CLANG_WARN_INFINITE_RECURSION = YES;
				CLANG_WARN_INT_CONVERSION = YES;
				CLANG_WARN_NON_LITERAL_NULL_CONVERSION = YES;
				CLANG_WARN_OBJC_IMPLICIT_RETAIN_SELF = YES;
				CLANG_WARN_OBJC_LITERAL_CONVERSION = YES;
				CLANG_WARN_OBJC_ROOT_CLASS = YES_ERROR;
				CLANG_WARN_QUOTED_INCLUDE_IN_FRAMEWORK_HEADER = YES;
				CLANG_WARN_RANGE_LOOP_ANALYSIS = YES;
				CLANG_WARN_STRICT_PROTOTYPES = YES;
				CLANG_WARN_SUSPICIOUS_MOVE = YES;
				CLANG_WARN_UNGUARDED_AVAILABILITY = YES_AGGRESSIVE;
				CLANG_WARN_UNREACHABLE_CODE = YES;
				CLANG_WARN__DUPLICATE_METHOD_MATCH = YES;
				COPY_PHASE_STRIP = NO;
				DEBUG_INFORMATION_FORMAT = "dwarf-with-dsym";
				ENABLE_NS_ASSERTIONS = NO;
				ENABLE_STRICT_OBJC_MSGSEND = YES;
				GCC_C_LANGUAGE_STANDARD = gnu11;
				GCC_NO_COMMON_BLOCKS = YES;
				GCC_WARN_64_TO_32_BIT_CONVERSION = YES;
				GCC_WARN_ABOUT_RETURN_TYPE = YES_ERROR;
				GCC_WARN_UNDECLARED_SELECTOR = YES;
				GCC_WARN_UNINITIALIZED_AUTOS = YES_AGGRESSIVE;
				GCC_WARN_UNUSED_FUNCTION = YES;
				GCC_WARN_UNUSED_VARIABLE = YES;
				IPHONEOS_DEPLOYMENT_TARGET = 15.0;
				MTL_ENABLE_DEBUG_INFO = NO;
				MTL_FAST_MATH = YES;
				SDKROOT = iphoneos;
				SWIFT_COMPILATION_MODE = wholemodule;
				SWIFT_OPTIMIZATION_LEVEL = "-O";
				VALIDATE_PRODUCT = YES;
			};
			name = Release;
		};
		F0B32CAB275AF77900C714A2 /* Debug */ = {
			isa = XCBuildConfiguration;
			baseConfigurationReference = E4541A2722F59D2EF7741719 /* Pods-community-garden-ios.debug.xcconfig */;
			buildSettings = {
				ASSETCATALOG_COMPILER_APPICON_NAME = AppIcon;
				ASSETCATALOG_COMPILER_GLOBAL_ACCENT_COLOR_NAME = AccentColor;
				CODE_SIGN_ENTITLEMENTS = "community-garden-ios/community-garden-ios.entitlements";
				CODE_SIGN_IDENTITY = "Apple Development";
				CODE_SIGN_STYLE = Automatic;
				CURRENT_PROJECT_VERSION = 1;
				DEVELOPMENT_ASSET_PATHS = "\"community-garden-ios/Preview Content\"";
				DEVELOPMENT_TEAM = X4FT5J38AS;
				ENABLE_PREVIEWS = YES;
				GENERATE_INFOPLIST_FILE = YES;
				INFOPLIST_FILE = "community-garden-ios/Info.plist";
				INFOPLIST_KEY_CFBundleDisplayName = Sprout;
				INFOPLIST_KEY_NSHealthShareUsageDescription = "This application requires access to your health data.";
				INFOPLIST_KEY_NSHealthUpdateUsageDescription = "This application requires access to your health data.";
				INFOPLIST_KEY_UIApplicationSceneManifest_Generation = YES;
				INFOPLIST_KEY_UIApplicationSupportsIndirectInputEvents = YES;
				INFOPLIST_KEY_UILaunchScreen_Generation = YES;
				INFOPLIST_KEY_UIStatusBarHidden = NO;
				INFOPLIST_KEY_UISupportedInterfaceOrientations = UIInterfaceOrientationPortrait;
				INFOPLIST_KEY_UISupportedInterfaceOrientations_iPad = "UIInterfaceOrientationPortrait UIInterfaceOrientationPortraitUpsideDown UIInterfaceOrientationLandscapeLeft UIInterfaceOrientationLandscapeRight";
				INFOPLIST_KEY_UISupportedInterfaceOrientations_iPhone = "UIInterfaceOrientationPortrait UIInterfaceOrientationLandscapeLeft UIInterfaceOrientationLandscapeRight";
				LD_RUNPATH_SEARCH_PATHS = (
					"$(inherited)",
					"@executable_path/Frameworks",
				);
				MARKETING_VERSION = 1.0;
				PRODUCT_BUNDLE_IDENTIFIER = "empower.lab.community-garden-ios";
				PRODUCT_NAME = "${TARGET_NAME}";
				PROVISIONING_PROFILE_SPECIFIER = "";
				SWIFT_EMIT_LOC_STRINGS = YES;
				SWIFT_VERSION = 5.0;
				TARGETED_DEVICE_FAMILY = "1,2";
			};
			name = Debug;
		};
		F0B32CAC275AF77900C714A2 /* Release */ = {
			isa = XCBuildConfiguration;
			baseConfigurationReference = 7E97010C2190A08C6A6A2D8F /* Pods-community-garden-ios.release.xcconfig */;
			buildSettings = {
				ASSETCATALOG_COMPILER_APPICON_NAME = AppIcon;
				ASSETCATALOG_COMPILER_GLOBAL_ACCENT_COLOR_NAME = AccentColor;
				CODE_SIGN_ENTITLEMENTS = "community-garden-ios/community-garden-ios.entitlements";
				CODE_SIGN_IDENTITY = "Apple Development";
				CODE_SIGN_STYLE = Automatic;
				CURRENT_PROJECT_VERSION = 1;
				DEVELOPMENT_ASSET_PATHS = "\"community-garden-ios/Preview Content\"";
				DEVELOPMENT_TEAM = X4FT5J38AS;
				ENABLE_PREVIEWS = YES;
				GENERATE_INFOPLIST_FILE = YES;
				INFOPLIST_FILE = "community-garden-ios/Info.plist";
				INFOPLIST_KEY_CFBundleDisplayName = Sprout;
				INFOPLIST_KEY_NSHealthShareUsageDescription = "This application requires access to your health data.";
				INFOPLIST_KEY_NSHealthUpdateUsageDescription = "This application requires access to your health data.";
				INFOPLIST_KEY_UIApplicationSceneManifest_Generation = YES;
				INFOPLIST_KEY_UIApplicationSupportsIndirectInputEvents = YES;
				INFOPLIST_KEY_UILaunchScreen_Generation = YES;
				INFOPLIST_KEY_UIStatusBarHidden = NO;
				INFOPLIST_KEY_UISupportedInterfaceOrientations = UIInterfaceOrientationPortrait;
				INFOPLIST_KEY_UISupportedInterfaceOrientations_iPad = "UIInterfaceOrientationPortrait UIInterfaceOrientationPortraitUpsideDown UIInterfaceOrientationLandscapeLeft UIInterfaceOrientationLandscapeRight";
				INFOPLIST_KEY_UISupportedInterfaceOrientations_iPhone = "UIInterfaceOrientationPortrait UIInterfaceOrientationLandscapeLeft UIInterfaceOrientationLandscapeRight";
				LD_RUNPATH_SEARCH_PATHS = (
					"$(inherited)",
					"@executable_path/Frameworks",
				);
				MARKETING_VERSION = 1.0;
				PRODUCT_BUNDLE_IDENTIFIER = "empower.lab.community-garden-ios";
				PRODUCT_NAME = "${TARGET_NAME}";
				PROVISIONING_PROFILE_SPECIFIER = "";
				SWIFT_EMIT_LOC_STRINGS = YES;
				SWIFT_VERSION = 5.0;
				TARGETED_DEVICE_FAMILY = "1,2";
			};
			name = Release;
		};
/* End XCBuildConfiguration section */

/* Begin XCConfigurationList section */
		F0B32C97275AF77700C714A2 /* Build configuration list for PBXProject "community-garden-ios" */ = {
			isa = XCConfigurationList;
			buildConfigurations = (
				F0B32CA8275AF77900C714A2 /* Debug */,
				F0B32CA9275AF77900C714A2 /* Release */,
			);
			defaultConfigurationIsVisible = 0;
			defaultConfigurationName = Release;
		};
		F0B32CAA275AF77900C714A2 /* Build configuration list for PBXNativeTarget "community-garden-ios" */ = {
			isa = XCConfigurationList;
			buildConfigurations = (
				F0B32CAB275AF77900C714A2 /* Debug */,
				F0B32CAC275AF77900C714A2 /* Release */,
			);
			defaultConfigurationIsVisible = 0;
			defaultConfigurationName = Release;
		};
/* End XCConfigurationList section */

/* Begin XCRemoteSwiftPackageReference section */
		F0ADEA1D275CE40E0039B134 /* XCRemoteSwiftPackageReference "firebase-ios-sdk" */ = {
			isa = XCRemoteSwiftPackageReference;
			repositoryURL = "https://github.com/firebase/firebase-ios-sdk";
			requirement = {
				kind = upToNextMajorVersion;
				minimumVersion = 8.0.0;
			};
		};
/* End XCRemoteSwiftPackageReference section */

/* Begin XCSwiftPackageProductDependency section */
		F042349E278491910063DA08 /* FirebaseFirestoreSwift-Beta */ = {
			isa = XCSwiftPackageProductDependency;
			package = F0ADEA1D275CE40E0039B134 /* XCRemoteSwiftPackageReference "firebase-ios-sdk" */;
			productName = "FirebaseFirestoreSwift-Beta";
		};
		F0ADEA1E275CE40E0039B134 /* FirebaseFirestore */ = {
			isa = XCSwiftPackageProductDependency;
			package = F0ADEA1D275CE40E0039B134 /* XCRemoteSwiftPackageReference "firebase-ios-sdk" */;
			productName = FirebaseFirestore;
		};
		F0ADEA22275ECCA80039B134 /* FirebaseAuth */ = {
			isa = XCSwiftPackageProductDependency;
			package = F0ADEA1D275CE40E0039B134 /* XCRemoteSwiftPackageReference "firebase-ios-sdk" */;
			productName = FirebaseAuth;
		};
/* End XCSwiftPackageProductDependency section */
	};
	rootObject = F0B32C94275AF77700C714A2 /* Project object */;
}
